// !$*UTF8*$!
{
	archiveVersion = 1;
	classes = {
	};
	objectVersion = 55;
	objects = {

/* Begin PBXBuildFile section */
		DD59E6F82808AABD000B602C /* RoverImage.swift in Sources */ = {isa = PBXBuildFile; fileRef = DD59E6F72808AABD000B602C /* RoverImage.swift */; };
		DD5F65122808A96000A36346 /* RoverViews.swift in Sources */ = {isa = PBXBuildFile; fileRef = DD5F65112808A96000A36346 /* RoverViews.swift */; };
		DDA234AB2808A2030044E95D /* Appcent_NASA_CaseApp.swift in Sources */ = {isa = PBXBuildFile; fileRef = DDA234AA2808A2030044E95D /* Appcent_NASA_CaseApp.swift */; };
		DDA234AD2808A2030044E95D /* ContentView.swift in Sources */ = {isa = PBXBuildFile; fileRef = DDA234AC2808A2030044E95D /* ContentView.swift */; };
		DDA234AF2808A2040044E95D /* Assets.xcassets in Resources */ = {isa = PBXBuildFile; fileRef = DDA234AE2808A2040044E95D /* Assets.xcassets */; };
		DDA234B22808A2040044E95D /* Preview Assets.xcassets in Resources */ = {isa = PBXBuildFile; fileRef = DDA234B12808A2040044E95D /* Preview Assets.xcassets */; };
		DDC5C6CE2808AB2900F52FC8 /* PopUpView.swift in Sources */ = {isa = PBXBuildFile; fileRef = DDC5C6CD2808AB2900F52FC8 /* PopUpView.swift */; };
		DDD5FF712808BFF5001A6A9A /* PopUpTitle.swift in Sources */ = {isa = PBXBuildFile; fileRef = DDD5FF702808BFF5001A6A9A /* PopUpTitle.swift */; };
		DDD5FF732808C202001A6A9A /* PopUpDetails.swift in Sources */ = {isa = PBXBuildFile; fileRef = DDD5FF722808C202001A6A9A /* PopUpDetails.swift */; };
		DDE19FE02809AA9900FC152E /* Alamofire in Frameworks */ = {isa = PBXBuildFile; productRef = DDE19FDF2809AA9900FC152E /* Alamofire */; };
		FF2107492809A94D006FCC58 /* Appcent-NASA-Case-Info.plist in Resources */ = {isa = PBXBuildFile; fileRef = FF2107482809A94D006FCC58 /* Appcent-NASA-Case-Info.plist */; };
		FF59418D2808C6EA00BBEC6F /* PopupDetailsTitleModifier.swift in Sources */ = {isa = PBXBuildFile; fileRef = FF59418C2808C6EA00BBEC6F /* PopupDetailsTitleModifier.swift */; };
		FF5941902808CD7D00BBEC6F /* PhotoModel.swift in Sources */ = {isa = PBXBuildFile; fileRef = FF59418F2808CD7D00BBEC6F /* PhotoModel.swift */; };
		FF5941932808D04E00BBEC6F /* PhotosViewModel.swift in Sources */ = {isa = PBXBuildFile; fileRef = FF5941922808D04E00BBEC6F /* PhotosViewModel.swift */; };
		FF783AF52808D71600C7EEA7 /* PhotoRequestModel.swift in Sources */ = {isa = PBXBuildFile; fileRef = FF783AF42808D71600C7EEA7 /* PhotoRequestModel.swift */; };
/* End PBXBuildFile section */

/* Begin PBXFileReference section */
		DD59E6F72808AABD000B602C /* RoverImage.swift */ = {isa = PBXFileReference; lastKnownFileType = sourcecode.swift; path = RoverImage.swift; sourceTree = "<group>"; };
		DD5F65112808A96000A36346 /* RoverViews.swift */ = {isa = PBXFileReference; lastKnownFileType = sourcecode.swift; path = RoverViews.swift; sourceTree = "<group>"; };
		DDA234A72808A2030044E95D /* Appcent_NASA_Case.app */ = {isa = PBXFileReference; explicitFileType = wrapper.application; includeInIndex = 0; path = Appcent_NASA_Case.app; sourceTree = BUILT_PRODUCTS_DIR; };
		DDA234AA2808A2030044E95D /* Appcent_NASA_CaseApp.swift */ = {isa = PBXFileReference; lastKnownFileType = sourcecode.swift; path = Appcent_NASA_CaseApp.swift; sourceTree = "<group>"; };
		DDA234AC2808A2030044E95D /* ContentView.swift */ = {isa = PBXFileReference; lastKnownFileType = sourcecode.swift; path = ContentView.swift; sourceTree = "<group>"; };
		DDA234AE2808A2040044E95D /* Assets.xcassets */ = {isa = PBXFileReference; lastKnownFileType = folder.assetcatalog; path = Assets.xcassets; sourceTree = "<group>"; };
		DDA234B12808A2040044E95D /* Preview Assets.xcassets */ = {isa = PBXFileReference; lastKnownFileType = folder.assetcatalog; path = "Preview Assets.xcassets"; sourceTree = "<group>"; };
		DDC5C6CD2808AB2900F52FC8 /* PopUpView.swift */ = {isa = PBXFileReference; lastKnownFileType = sourcecode.swift; path = PopUpView.swift; sourceTree = "<group>"; };
		DDD5FF702808BFF5001A6A9A /* PopUpTitle.swift */ = {isa = PBXFileReference; lastKnownFileType = sourcecode.swift; path = PopUpTitle.swift; sourceTree = "<group>"; };
		DDD5FF722808C202001A6A9A /* PopUpDetails.swift */ = {isa = PBXFileReference; lastKnownFileType = sourcecode.swift; path = PopUpDetails.swift; sourceTree = "<group>"; };
		FF2107482809A94D006FCC58 /* Appcent-NASA-Case-Info.plist */ = {isa = PBXFileReference; fileEncoding = 4; lastKnownFileType = text.plist.xml; path = "Appcent-NASA-Case-Info.plist"; sourceTree = "<group>"; };
		FF59418C2808C6EA00BBEC6F /* PopupDetailsTitleModifier.swift */ = {isa = PBXFileReference; lastKnownFileType = sourcecode.swift; path = PopupDetailsTitleModifier.swift; sourceTree = "<group>"; };
		FF59418F2808CD7D00BBEC6F /* PhotoModel.swift */ = {isa = PBXFileReference; lastKnownFileType = sourcecode.swift; path = PhotoModel.swift; sourceTree = "<group>"; };
		FF5941922808D04E00BBEC6F /* PhotosViewModel.swift */ = {isa = PBXFileReference; lastKnownFileType = sourcecode.swift; path = PhotosViewModel.swift; sourceTree = "<group>"; };
		FF783AF42808D71600C7EEA7 /* PhotoRequestModel.swift */ = {isa = PBXFileReference; lastKnownFileType = sourcecode.swift; path = PhotoRequestModel.swift; sourceTree = "<group>"; };
/* End PBXFileReference section */

/* Begin PBXFrameworksBuildPhase section */
		DDA234A42808A2030044E95D /* Frameworks */ = {
			isa = PBXFrameworksBuildPhase;
			buildActionMask = 2147483647;
			files = (
				DDE19FE02809AA9900FC152E /* Alamofire in Frameworks */,
			);
			runOnlyForDeploymentPostprocessing = 0;
		};
/* End PBXFrameworksBuildPhase section */

/* Begin PBXGroup section */
		DDA2349E2808A2030044E95D = {
			isa = PBXGroup;
			children = (
				DDA234A92808A2030044E95D /* Appcent_NASA_Case */,
				DDA234A82808A2030044E95D /* Products */,
			);
			sourceTree = "<group>";
		};
		DDA234A82808A2030044E95D /* Products */ = {
			isa = PBXGroup;
			children = (
				DDA234A72808A2030044E95D /* Appcent_NASA_Case.app */,
			);
			name = Products;
			sourceTree = "<group>";
		};
		DDA234A92808A2030044E95D /* Appcent_NASA_Case */ = {
			isa = PBXGroup;
			children = (
				FF2107482809A94D006FCC58 /* Appcent-NASA-Case-Info.plist */,
				FF2107472809A912006FCC58 /* Views */,
				FF5941912808D03500BBEC6F /* ViewModels */,
				FF59418E2808C95C00BBEC6F /* Models */,
				FF59418B2808C6D900BBEC6F /* Modifiers */,
				DDA234AA2808A2030044E95D /* Appcent_NASA_CaseApp.swift */,
				DDA234AC2808A2030044E95D /* ContentView.swift */,
				DDA234AE2808A2040044E95D /* Assets.xcassets */,
				DDA234B02808A2040044E95D /* Preview Content */,
			);
			path = Appcent_NASA_Case;
			sourceTree = "<group>";
		};
		DDA234B02808A2040044E95D /* Preview Content */ = {
			isa = PBXGroup;
			children = (
				DDA234B12808A2040044E95D /* Preview Assets.xcassets */,
			);
			path = "Preview Content";
			sourceTree = "<group>";
		};
		DDD5FF6F2808BFBA001A6A9A /* Components */ = {
			isa = PBXGroup;
			children = (
				DD59E6F72808AABD000B602C /* RoverImage.swift */,
				DDD5FF702808BFF5001A6A9A /* PopUpTitle.swift */,
				DDD5FF722808C202001A6A9A /* PopUpDetails.swift */,
			);
			path = Components;
			sourceTree = "<group>";
		};
		FF2107472809A912006FCC58 /* Views */ = {
			isa = PBXGroup;
			children = (
				DDD5FF6F2808BFBA001A6A9A /* Components */,
				DD5F65112808A96000A36346 /* RoverViews.swift */,
				DDC5C6CD2808AB2900F52FC8 /* PopUpView.swift */,
			);
			path = Views;
			sourceTree = "<group>";
		};
		FF59418B2808C6D900BBEC6F /* Modifiers */ = {
			isa = PBXGroup;
			children = (
				FF59418C2808C6EA00BBEC6F /* PopupDetailsTitleModifier.swift */,
			);
			path = Modifiers;
			sourceTree = "<group>";
		};
		FF59418E2808C95C00BBEC6F /* Models */ = {
			isa = PBXGroup;
			children = (
				FF59418F2808CD7D00BBEC6F /* PhotoModel.swift */,
				FF783AF42808D71600C7EEA7 /* PhotoRequestModel.swift */,
			);
			path = Models;
			sourceTree = "<group>";
		};
		FF5941912808D03500BBEC6F /* ViewModels */ = {
			isa = PBXGroup;
			children = (
				FF5941922808D04E00BBEC6F /* PhotosViewModel.swift */,
			);
			name = ViewModels;
			path = "VİewModels";
			sourceTree = "<group>";
		};
/* End PBXGroup section */

/* Begin PBXNativeTarget section */
		DDA234A62808A2030044E95D /* Appcent_NASA_Case */ = {
			isa = PBXNativeTarget;
			buildConfigurationList = DDA234B52808A2040044E95D /* Build configuration list for PBXNativeTarget "Appcent_NASA_Case" */;
			buildPhases = (
				DDA234A32808A2030044E95D /* Sources */,
				DDA234A42808A2030044E95D /* Frameworks */,
				DDA234A52808A2030044E95D /* Resources */,
			);
			buildRules = (
			);
			dependencies = (
			);
			name = Appcent_NASA_Case;
			packageProductDependencies = (
				DDE19FDF2809AA9900FC152E /* Alamofire */,
			);
			productName = Appcent_NASA_Case;
			productReference = DDA234A72808A2030044E95D /* Appcent_NASA_Case.app */;
			productType = "com.apple.product-type.application";
		};
/* End PBXNativeTarget section */

/* Begin PBXProject section */
		DDA2349F2808A2030044E95D /* Project object */ = {
			isa = PBXProject;
			attributes = {
				BuildIndependentTargetsInParallel = 1;
				LastSwiftUpdateCheck = 1330;
				LastUpgradeCheck = 1330;
				TargetAttributes = {
					DDA234A62808A2030044E95D = {
						CreatedOnToolsVersion = 13.3.1;
					};
				};
			};
			buildConfigurationList = DDA234A22808A2030044E95D /* Build configuration list for PBXProject "Appcent_NASA_Case" */;
			compatibilityVersion = "Xcode 13.0";
			developmentRegion = en;
			hasScannedForEncodings = 0;
			knownRegions = (
				en,
				Base,
			);
			mainGroup = DDA2349E2808A2030044E95D;
			packageReferences = (
				DDE19FDE2809AA9900FC152E /* XCRemoteSwiftPackageReference "Alamofire" */,
			);
			productRefGroup = DDA234A82808A2030044E95D /* Products */;
			projectDirPath = "";
			projectRoot = "";
			targets = (
				DDA234A62808A2030044E95D /* Appcent_NASA_Case */,
			);
		};
/* End PBXProject section */

/* Begin PBXResourcesBuildPhase section */
		DDA234A52808A2030044E95D /* Resources */ = {
			isa = PBXResourcesBuildPhase;
			buildActionMask = 2147483647;
			files = (
				DDA234B22808A2040044E95D /* Preview Assets.xcassets in Resources */,
				DDA234AF2808A2040044E95D /* Assets.xcassets in Resources */,
				FF2107492809A94D006FCC58 /* Appcent-NASA-Case-Info.plist in Resources */,
			);
			runOnlyForDeploymentPostprocessing = 0;
		};
/* End PBXResourcesBuildPhase section */

/* Begin PBXSourcesBuildPhase section */
		DDA234A32808A2030044E95D /* Sources */ = {
			isa = PBXSourcesBuildPhase;
			buildActionMask = 2147483647;
			files = (
				DDC5C6CE2808AB2900F52FC8 /* PopUpView.swift in Sources */,
				DDD5FF732808C202001A6A9A /* PopUpDetails.swift in Sources */,
				FF783AF52808D71600C7EEA7 /* PhotoRequestModel.swift in Sources */,
				DDD5FF712808BFF5001A6A9A /* PopUpTitle.swift in Sources */,
				DDA234AD2808A2030044E95D /* ContentView.swift in Sources */,
				DD5F65122808A96000A36346 /* RoverViews.swift in Sources */,
				DDA234AB2808A2030044E95D /* Appcent_NASA_CaseApp.swift in Sources */,
				FF59418D2808C6EA00BBEC6F /* PopupDetailsTitleModifier.swift in Sources */,
				FF5941902808CD7D00BBEC6F /* PhotoModel.swift in Sources */,
				FF5941932808D04E00BBEC6F /* PhotosViewModel.swift in Sources */,
				DD59E6F82808AABD000B602C /* RoverImage.swift in Sources */,
			);
			runOnlyForDeploymentPostprocessing = 0;
		};
/* End PBXSourcesBuildPhase section */

/* Begin XCBuildConfiguration section */
		DDA234B32808A2040044E95D /* Debug */ = {
			isa = XCBuildConfiguration;
			buildSettings = {
				ALWAYS_SEARCH_USER_PATHS = NO;
				CLANG_ANALYZER_NONNULL = YES;
				CLANG_ANALYZER_NUMBER_OBJECT_CONVERSION = YES_AGGRESSIVE;
				CLANG_CXX_LANGUAGE_STANDARD = "gnu++17";
				CLANG_ENABLE_MODULES = YES;
				CLANG_ENABLE_OBJC_ARC = YES;
				CLANG_ENABLE_OBJC_WEAK = YES;
				CLANG_WARN_BLOCK_CAPTURE_AUTORELEASING = YES;
				CLANG_WARN_BOOL_CONVERSION = YES;
				CLANG_WARN_COMMA = YES;
				CLANG_WARN_CONSTANT_CONVERSION = YES;
				CLANG_WARN_DEPRECATED_OBJC_IMPLEMENTATIONS = YES;
				CLANG_WARN_DIRECT_OBJC_ISA_USAGE = YES_ERROR;
				CLANG_WARN_DOCUMENTATION_COMMENTS = YES;
				CLANG_WARN_EMPTY_BODY = YES;
				CLANG_WARN_ENUM_CONVERSION = YES;
				CLANG_WARN_INFINITE_RECURSION = YES;
				CLANG_WARN_INT_CONVERSION = YES;
				CLANG_WARN_NON_LITERAL_NULL_CONVERSION = YES;
				CLANG_WARN_OBJC_IMPLICIT_RETAIN_SELF = YES;
				CLANG_WARN_OBJC_LITERAL_CONVERSION = YES;
				CLANG_WARN_OBJC_ROOT_CLASS = YES_ERROR;
				CLANG_WARN_QUOTED_INCLUDE_IN_FRAMEWORK_HEADER = YES;
				CLANG_WARN_RANGE_LOOP_ANALYSIS = YES;
				CLANG_WARN_STRICT_PROTOTYPES = YES;
				CLANG_WARN_SUSPICIOUS_MOVE = YES;
				CLANG_WARN_UNGUARDED_AVAILABILITY = YES_AGGRESSIVE;
				CLANG_WARN_UNREACHABLE_CODE = YES;
				CLANG_WARN__DUPLICATE_METHOD_MATCH = YES;
				COPY_PHASE_STRIP = NO;
				DEBUG_INFORMATION_FORMAT = dwarf;
				ENABLE_STRICT_OBJC_MSGSEND = YES;
				ENABLE_TESTABILITY = YES;
				GCC_C_LANGUAGE_STANDARD = gnu11;
				GCC_DYNAMIC_NO_PIC = NO;
				GCC_NO_COMMON_BLOCKS = YES;
				GCC_OPTIMIZATION_LEVEL = 0;
				GCC_PREPROCESSOR_DEFINITIONS = (
					"DEBUG=1",
					"$(inherited)",
				);
				GCC_WARN_64_TO_32_BIT_CONVERSION = YES;
				GCC_WARN_ABOUT_RETURN_TYPE = YES_ERROR;
				GCC_WARN_UNDECLARED_SELECTOR = YES;
				GCC_WARN_UNINITIALIZED_AUTOS = YES_AGGRESSIVE;
				GCC_WARN_UNUSED_FUNCTION = YES;
				GCC_WARN_UNUSED_VARIABLE = YES;
				IPHONEOS_DEPLOYMENT_TARGET = 15.4;
				MTL_ENABLE_DEBUG_INFO = INCLUDE_SOURCE;
				MTL_FAST_MATH = YES;
				ONLY_ACTIVE_ARCH = YES;
				SDKROOT = iphoneos;
				SWIFT_ACTIVE_COMPILATION_CONDITIONS = DEBUG;
				SWIFT_OPTIMIZATION_LEVEL = "-Onone";
			};
			name = Debug;
		};
		DDA234B42808A2040044E95D /* Release */ = {
			isa = XCBuildConfiguration;
			buildSettings = {
				ALWAYS_SEARCH_USER_PATHS = NO;
				CLANG_ANALYZER_NONNULL = YES;
				CLANG_ANALYZER_NUMBER_OBJECT_CONVERSION = YES_AGGRESSIVE;
				CLANG_CXX_LANGUAGE_STANDARD = "gnu++17";
				CLANG_ENABLE_MODULES = YES;
				CLANG_ENABLE_OBJC_ARC = YES;
				CLANG_ENABLE_OBJC_WEAK = YES;
				CLANG_WARN_BLOCK_CAPTURE_AUTORELEASING = YES;
				CLANG_WARN_BOOL_CONVERSION = YES;
				CLANG_WARN_COMMA = YES;
				CLANG_WARN_CONSTANT_CONVERSION = YES;
				CLANG_WARN_DEPRECATED_OBJC_IMPLEMENTATIONS = YES;
				CLANG_WARN_DIRECT_OBJC_ISA_USAGE = YES_ERROR;
				CLANG_WARN_DOCUMENTATION_COMMENTS = YES;
				CLANG_WARN_EMPTY_BODY = YES;
				CLANG_WARN_ENUM_CONVERSION = YES;
				CLANG_WARN_INFINITE_RECURSION = YES;
				CLANG_WARN_INT_CONVERSION = YES;
				CLANG_WARN_NON_LITERAL_NULL_CONVERSION = YES;
				CLANG_WARN_OBJC_IMPLICIT_RETAIN_SELF = YES;
				CLANG_WARN_OBJC_LITERAL_CONVERSION = YES;
				CLANG_WARN_OBJC_ROOT_CLASS = YES_ERROR;
				CLANG_WARN_QUOTED_INCLUDE_IN_FRAMEWORK_HEADER = YES;
				CLANG_WARN_RANGE_LOOP_ANALYSIS = YES;
				CLANG_WARN_STRICT_PROTOTYPES = YES;
				CLANG_WARN_SUSPICIOUS_MOVE = YES;
				CLANG_WARN_UNGUARDED_AVAILABILITY = YES_AGGRESSIVE;
				CLANG_WARN_UNREACHABLE_CODE = YES;
				CLANG_WARN__DUPLICATE_METHOD_MATCH = YES;
				COPY_PHASE_STRIP = NO;
				DEBUG_INFORMATION_FORMAT = "dwarf-with-dsym";
				ENABLE_NS_ASSERTIONS = NO;
				ENABLE_STRICT_OBJC_MSGSEND = YES;
				GCC_C_LANGUAGE_STANDARD = gnu11;
				GCC_NO_COMMON_BLOCKS = YES;
				GCC_WARN_64_TO_32_BIT_CONVERSION = YES;
				GCC_WARN_ABOUT_RETURN_TYPE = YES_ERROR;
				GCC_WARN_UNDECLARED_SELECTOR = YES;
				GCC_WARN_UNINITIALIZED_AUTOS = YES_AGGRESSIVE;
				GCC_WARN_UNUSED_FUNCTION = YES;
				GCC_WARN_UNUSED_VARIABLE = YES;
				IPHONEOS_DEPLOYMENT_TARGET = 15.4;
				MTL_ENABLE_DEBUG_INFO = NO;
				MTL_FAST_MATH = YES;
				SDKROOT = iphoneos;
				SWIFT_COMPILATION_MODE = wholemodule;
				SWIFT_OPTIMIZATION_LEVEL = "-O";
				VALIDATE_PRODUCT = YES;
			};
			name = Release;
		};
		DDA234B62808A2040044E95D /* Debug */ = {
			isa = XCBuildConfiguration;
			buildSettings = {
				ASSETCATALOG_COMPILER_APPICON_NAME = AppIcon;
				ASSETCATALOG_COMPILER_GLOBAL_ACCENT_COLOR_NAME = AccentColor;
				CODE_SIGN_STYLE = Automatic;
				CURRENT_PROJECT_VERSION = 1;
				DEVELOPMENT_ASSET_PATHS = "\"Appcent_NASA_Case/Preview Content\"";
				DEVELOPMENT_TEAM = 23U86K98CU;
				ENABLE_PREVIEWS = YES;
				GENERATE_INFOPLIST_FILE = YES;
				INFOPLIST_FILE = "Appcent-NASA-Case-Info.plist";
				INFOPLIST_KEY_CFBundleDisplayName = "";
				INFOPLIST_KEY_LSApplicationCategoryType = "";
				INFOPLIST_KEY_UIApplicationSceneManifest_Generation = YES;
				INFOPLIST_KEY_UIApplicationSupportsIndirectInputEvents = YES;
				INFOPLIST_KEY_UILaunchScreen_Generation = YES;
				INFOPLIST_KEY_UISupportedInterfaceOrientations_iPad = "UIInterfaceOrientationPortrait UIInterfaceOrientationPortraitUpsideDown UIInterfaceOrientationLandscapeLeft UIInterfaceOrientationLandscapeRight";
				INFOPLIST_KEY_UISupportedInterfaceOrientations_iPhone = "UIInterfaceOrientationPortrait UIInterfaceOrientationLandscapeLeft UIInterfaceOrientationLandscapeRight";
				LD_RUNPATH_SEARCH_PATHS = (
					"$(inherited)",
					"@executable_path/Frameworks",
				);
				MARKETING_VERSION = 1.0;
				PRODUCT_BUNDLE_IDENTIFIER = "com.usluzeliha.-Appcent-NASA-Case";
				PRODUCT_NAME = "$(TARGET_NAME)";
				SWIFT_EMIT_LOC_STRINGS = YES;
				SWIFT_VERSION = 5.0;
				TARGETED_DEVICE_FAMILY = "1,2";
			};
			name = Debug;
		};
		DDA234B72808A2040044E95D /* Release */ = {
			isa = XCBuildConfiguration;
			buildSettings = {
				ASSETCATALOG_COMPILER_APPICON_NAME = AppIcon;
				ASSETCATALOG_COMPILER_GLOBAL_ACCENT_COLOR_NAME = AccentColor;
				CODE_SIGN_STYLE = Automatic;
				CURRENT_PROJECT_VERSION = 1;
				DEVELOPMENT_ASSET_PATHS = "\"Appcent_NASA_Case/Preview Content\"";
				DEVELOPMENT_TEAM = 23U86K98CU;
				ENABLE_PREVIEWS = YES;
				GENERATE_INFOPLIST_FILE = YES;
				INFOPLIST_FILE = "Appcent-NASA-Case-Info.plist";
				INFOPLIST_KEY_CFBundleDisplayName = "";
				INFOPLIST_KEY_LSApplicationCategoryType = "";
				INFOPLIST_KEY_UIApplicationSceneManifest_Generation = YES;
				INFOPLIST_KEY_UIApplicationSupportsIndirectInputEvents = YES;
				INFOPLIST_KEY_UILaunchScreen_Generation = YES;
				INFOPLIST_KEY_UISupportedInterfaceOrientations_iPad = "UIInterfaceOrientationPortrait UIInterfaceOrientationPortraitUpsideDown UIInterfaceOrientationLandscapeLeft UIInterfaceOrientationLandscapeRight";
				INFOPLIST_KEY_UISupportedInterfaceOrientations_iPhone = "UIInterfaceOrientationPortrait UIInterfaceOrientationLandscapeLeft UIInterfaceOrientationLandscapeRight";
				LD_RUNPATH_SEARCH_PATHS = (
					"$(inherited)",
					"@executable_path/Frameworks",
				);
				MARKETING_VERSION = 1.0;
				PRODUCT_BUNDLE_IDENTIFIER = "com.usluzeliha.-Appcent-NASA-Case";
				PRODUCT_NAME = "$(TARGET_NAME)";
				SWIFT_EMIT_LOC_STRINGS = YES;
				SWIFT_VERSION = 5.0;
				TARGETED_DEVICE_FAMILY = "1,2";
			};
			name = Release;
		};
/* End XCBuildConfiguration section */

/* Begin XCConfigurationList section */
		DDA234A22808A2030044E95D /* Build configuration list for PBXProject "Appcent_NASA_Case" */ = {
			isa = XCConfigurationList;
			buildConfigurations = (
				DDA234B32808A2040044E95D /* Debug */,
				DDA234B42808A2040044E95D /* Release */,
			);
			defaultConfigurationIsVisible = 0;
			defaultConfigurationName = Release;
		};
		DDA234B52808A2040044E95D /* Build configuration list for PBXNativeTarget "Appcent_NASA_Case" */ = {
			isa = XCConfigurationList;
			buildConfigurations = (
				DDA234B62808A2040044E95D /* Debug */,
				DDA234B72808A2040044E95D /* Release */,
			);
			defaultConfigurationIsVisible = 0;
			defaultConfigurationName = Release;
		};
/* End XCConfigurationList section */

/* Begin XCRemoteSwiftPackageReference section */
		DDE19FDE2809AA9900FC152E /* XCRemoteSwiftPackageReference "Alamofire" */ = {
			isa = XCRemoteSwiftPackageReference;
			repositoryURL = "https://github.com/Alamofire/Alamofire.git";
			requirement = {
				branch = master;
				kind = branch;
			};
		};
/* End XCRemoteSwiftPackageReference section */

/* Begin XCSwiftPackageProductDependency section */
		DDE19FDF2809AA9900FC152E /* Alamofire */ = {
			isa = XCSwiftPackageProductDependency;
			package = DDE19FDE2809AA9900FC152E /* XCRemoteSwiftPackageReference "Alamofire" */;
			productName = Alamofire;
		};
/* End XCSwiftPackageProductDependency section */
	};
	rootObject = DDA2349F2808A2030044E95D /* Project object */;
}
